
Microsoft Visual Studio Solution File, Format Version 12.00
# Visual Studio Version 17
VisualStudioVersion = 17.11.35327.3
MinimumVisualStudioVersion = 10.0.40219.1
Project("{8BC9CEB8-8B4A-11D0-8D11-00A0C91BC942}") = "scanf_two.c", "scanf_two.c\scanf_two.c.vcxproj", "{83C31D86-5F92-420C-B276-A607CCEED004}"
EndProject
Global
	GlobalSection(SolutionConfigurationPlatforms) = preSolution
		Debug|x64 = Debug|x64
		Debug|x86 = Debug|x86
		Release|x64 = Release|x64
		Release|x86 = Release|x86
	EndGlobalSection
	GlobalSection(ProjectConfigurationPlatforms) = postSolution
		{83C31D86-5F92-420C-B276-A607CCEED004}.Debug|x64.ActiveCfg = Debug|x64
		{83C31D86-5F92-420C-B276-A607CCEED004}.Debug|x64.Build.0 = Debug|x64
		{83C31D86-5F92-420C-B276-A607CCEED004}.Debug|x86.ActiveCfg = Debug|Win32
		{83C31D86-5F92-420C-B276-A607CCEED004}.Debug|x86.Build.0 = Debug|Win32
		{83C31D86-5F92-420C-B276-A607CCEED004}.Release|x64.ActiveCfg = Release|x64
		{83C31D86-5F92-420C-B276-A607CCEED004}.Release|x64.Build.0 = Release|x64
		{83C31D86-5F92-420C-B276-A607CCEED004}.Release|x86.ActiveCfg = Release|Win32
		{83C31D86-5F92-420C-B276-A607CCEED004}.Release|x86.Build.0 = Release|Win32
	EndGlobalSection
	GlobalSection(SolutionProperties) = preSolution
		HideSolutionNode = FALSE
	EndGlobalSection
	GlobalSection(ExtensibilityGlobals) = postSolution
		SolutionGuid = {16DFEA39-006E-4327-BF11-64EF21912545}
	EndGlobalSection
EndGlobal
